{
  "name": "tile_comparesion",
  "version": "0.0.1",
  "lockfileVersion": 1,
  "requires": true,
  "dependencies": {
    "axios": {
      "version": "0.21.1",
      "resolved": "https://registry.npmjs.org/axios/-/axios-0.21.1.tgz",
      "integrity": "sha512-dKQiRHxGD9PPRIUNIWvZhPTPpl1rf/OxTYKsqKUDjBwYylTvV7SjSHJb9ratfyzM6wCdLCOYLzs73qpg5c4iGA==",
      "requires": {
        "follow-redirects": "^1.10.0"
      }
    },
    "follow-redirects": {
      "version": "1.13.1",
      "resolved": "https://registry.npmjs.org/follow-redirects/-/follow-redirects-1.13.1.tgz",
      "integrity": "sha512-SSG5xmZh1mkPGyKzjZP8zLjltIfpW32Y5QpdNJyjcfGxK3qo3NDDkZOZSFiGn1A6SclQxY9GzEwAHQ3dmYRWpg=="
    },
    "fs": {
      "version": "0.0.1-security",
      "resolved": "https://registry.npmjs.org/fs/-/fs-0.0.1-security.tgz",
      "integrity": "sha1-invTcYa23d84E/I4WLV+yq9eQdQ="
    },
    "gar": {
      "version": "1.0.4",
      "resolved": "https://registry.npmjs.org/gar/-/gar-1.0.4.tgz",
      "integrity": "sha512-w4n9cPWyP7aHxKxYHFQMegj7WIAsL/YX/C4Bs5Rr8s1H9M1rNtRWRsw+ovYMkXDQ5S4ZbYHsHAPmevPjPgw44w=="
    },
    "get-folder-size": {
      "version": "2.0.1",
      "resolved": "https://registry.npmjs.org/get-folder-size/-/get-folder-size-2.0.1.tgz",
      "integrity": "sha512-+CEb+GDCM7tkOS2wdMKTn9vU7DgnKUTuDlehkNJKNSovdCOVxs14OfKCk4cvSaR3za4gj+OBdl9opPN9xrJ0zA==",
      "requires": {
        "gar": "^1.0.4",
        "tiny-each-async": "2.0.3"
      }
    },
    "readline-sync": {
      "version": "1.4.9",
      "resolved": "https://registry.npmjs.org/readline-sync/-/readline-sync-1.4.9.tgz",
      "integrity": "sha1-PtqOZfI80qF+YTAbHwADOWr17No="
    },
    "tiny-each-async": {
      "version": "2.0.3",
      "resolved": "https://registry.npmjs.org/tiny-each-async/-/tiny-each-async-2.0.3.tgz",
      "integrity": "sha1-jru/1tYpXxNwAD+7NxYq/loKUdE="
    }
  }
}
